
Microsoft Visual Studio Solution File, Format Version 12.00
# Visual Studio Version 17
VisualStudioVersion = 17.4.33205.214
MinimumVisualStudioVersion = 10.0.40219.1
Project("{FAE04EC0-301F-11D3-BF4B-00C04F79EFBC}") = "Consumer", "Consumer\Consumer.csproj", "{FD769C86-4C2D-45DE-AB36-2CFCCFBDEE43}"
EndProject
Project("{FAE04EC0-301F-11D3-BF4B-00C04F79EFBC}") = "Producer", "Producer\Producer.csproj", "{9541BBCC-BE51-4145-9E92-CCE2FC93C231}"
EndProject
Global
	GlobalSection(SolutionConfigurationPlatforms) = preSolution
		Debug|Any CPU = Debug|Any CPU
		Release|Any CPU = Release|Any CPU
	EndGlobalSection
	GlobalSection(ProjectConfigurationPlatforms) = postSolution
		{FD769C86-4C2D-45DE-AB36-2CFCCFBDEE43}.Debug|Any CPU.ActiveCfg = Debug|Any CPU
		{FD769C86-4C2D-45DE-AB36-2CFCCFBDEE43}.Debug|Any CPU.Build.0 = Debug|Any CPU
		{FD769C86-4C2D-45DE-AB36-2CFCCFBDEE43}.Release|Any CPU.ActiveCfg = Release|Any CPU
		{FD769C86-4C2D-45DE-AB36-2CFCCFBDEE43}.Release|Any CPU.Build.0 = Release|Any CPU
		{9541BBCC-BE51-4145-9E92-CCE2FC93C231}.Debug|Any CPU.ActiveCfg = Debug|Any CPU
		{9541BBCC-BE51-4145-9E92-CCE2FC93C231}.Debug|Any CPU.Build.0 = Debug|Any CPU
		{9541BBCC-BE51-4145-9E92-CCE2FC93C231}.Release|Any CPU.ActiveCfg = Release|Any CPU
		{9541BBCC-BE51-4145-9E92-CCE2FC93C231}.Release|Any CPU.Build.0 = Release|Any CPU
	EndGlobalSection
	GlobalSection(SolutionProperties) = preSolution
		HideSolutionNode = FALSE
	EndGlobalSection
	GlobalSection(ExtensibilityGlobals) = postSolution
		SolutionGuid = {85A95A11-CCF9-4B04-AC17-54E516E99DD2}
	EndGlobalSection
EndGlobal
